{
  "name": "altv-docker-setup",
  "version": "1.0.0",
  "lockfileVersion": 2,
  "requires": true,
  "packages": {
    "": {
      "name": "altv-docker-setup",
      "version": "1.0.0",
      "dependencies": {
        "@iarna/toml": "^2.2.5",
        "chalk": "^5.2.0"
      },
      "devDependencies": {
        "@types/iarna__toml": "^2.0.2"
      }
    },
    "node_modules/@iarna/toml": {
      "version": "2.2.5",
      "resolved": "https://registry.npmjs.org/@iarna/toml/-/toml-2.2.5.tgz",
      "integrity": "sha512-trnsAYxU3xnS1gPHPyU961coFyLkh4gAD/0zQ5mymY4yOZ+CYvsPqUbOFSw0aDM4y0tV7tiFxL/1XfXPNC6IPg=="
    },
    "node_modules/@types/iarna__toml": {
      "version": "2.0.2",
      "resolved": "https://registry.npmjs.org/@types/iarna__toml/-/iarna__toml-2.0.2.tgz",
      "integrity": "sha512-Q3obxKhBLVVbEQ8zsAmsQVobAAZhi8dFFFjF0q5xKXiaHvH8IkSxcbM27e46M9feUMieR03SPpmp5CtaNzpdBg==",
      "dev": true,
      "dependencies": {
        "@types/node": "*"
      }
    },
    "node_modules/@types/node": {
      "version": "20.3.2",
      "resolved": "https://registry.npmjs.org/@types/node/-/node-20.3.2.tgz",
      "integrity": "sha512-vOBLVQeCQfIcF/2Y7eKFTqrMnizK5lRNQ7ykML/5RuwVXVWxYkgwS7xbt4B6fKCUPgbSL5FSsjHQpaGQP/dQmw==",
      "dev": true
    },
    "node_modules/chalk": {
      "version": "5.2.0",
      "resolved": "https://registry.npmjs.org/chalk/-/chalk-5.2.0.tgz",
      "integrity": "sha512-ree3Gqw/nazQAPuJJEy+avdl7QfZMcUvmHIKgEZkGL+xOBzRvup5Hxo6LHuMceSxOabuJLJm5Yp/92R9eMmMvA==",
      "engines": {
        "node": "^12.17.0 || ^14.13 || >=16.0.0"
      },
      "funding": {
        "url": "https://github.com/chalk/chalk?sponsor=1"
      }
    }
  },
  "dependencies": {
    "@iarna/toml": {
      "version": "2.2.5",
      "resolved": "https://registry.npmjs.org/@iarna/toml/-/toml-2.2.5.tgz",
      "integrity": "sha512-trnsAYxU3xnS1gPHPyU961coFyLkh4gAD/0zQ5mymY4yOZ+CYvsPqUbOFSw0aDM4y0tV7tiFxL/1XfXPNC6IPg=="
    },
    "@types/iarna__toml": {
      "version": "2.0.2",
      "resolved": "https://registry.npmjs.org/@types/iarna__toml/-/iarna__toml-2.0.2.tgz",
      "integrity": "sha512-Q3obxKhBLVVbEQ8zsAmsQVobAAZhi8dFFFjF0q5xKXiaHvH8IkSxcbM27e46M9feUMieR03SPpmp5CtaNzpdBg==",
      "dev": true,
      "requires": {
        "@types/node": "*"
      }
    },
    "@types/node": {
      "version": "20.3.2",
      "resolved": "https://registry.npmjs.org/@types/node/-/node-20.3.2.tgz",
      "integrity": "sha512-vOBLVQeCQfIcF/2Y7eKFTqrMnizK5lRNQ7ykML/5RuwVXVWxYkgwS7xbt4B6fKCUPgbSL5FSsjHQpaGQP/dQmw==",
      "dev": true
    },
    "chalk": {
      "version": "5.2.0",
      "resolved": "https://registry.npmjs.org/chalk/-/chalk-5.2.0.tgz",
      "integrity": "sha512-ree3Gqw/nazQAPuJJEy+avdl7QfZMcUvmHIKgEZkGL+xOBzRvup5Hxo6LHuMceSxOabuJLJm5Yp/92R9eMmMvA=="
    }
  }
}
